
Microsoft Visual Studio Solution File, Format Version 12.00
# Visual Studio Version 17
VisualStudioVersion = 17.8.34511.84
MinimumVisualStudioVersion = 10.0.40219.1
Project("{8BC9CEB8-8B4A-11D0-8D11-00A0C91BC942}") = "consoleracer", "consoleracer\consoleracer.vcxproj", "{129693D3-0925-4DE6-9342-93CA5395BC6D}"
EndProject
Global
	GlobalSection(SolutionConfigurationPlatforms) = preSolution
		Debug|x64 = Debug|x64
		Debug|x86 = Debug|x86
		Release|x64 = Release|x64
		Release|x86 = Release|x86
	EndGlobalSection
	GlobalSection(ProjectConfigurationPlatforms) = postSolution
		{129693D3-0925-4DE6-9342-93CA5395BC6D}.Debug|x64.ActiveCfg = Debug|x64
		{129693D3-0925-4DE6-9342-93CA5395BC6D}.Debug|x64.Build.0 = Debug|x64
		{129693D3-0925-4DE6-9342-93CA5395BC6D}.Debug|x86.ActiveCfg = Debug|Win32
		{129693D3-0925-4DE6-9342-93CA5395BC6D}.Debug|x86.Build.0 = Debug|Win32
		{129693D3-0925-4DE6-9342-93CA5395BC6D}.Release|x64.ActiveCfg = Release|x64
		{129693D3-0925-4DE6-9342-93CA5395BC6D}.Release|x64.Build.0 = Release|x64
		{129693D3-0925-4DE6-9342-93CA5395BC6D}.Release|x86.ActiveCfg = Release|Win32
		{129693D3-0925-4DE6-9342-93CA5395BC6D}.Release|x86.Build.0 = Release|Win32
	EndGlobalSection
	GlobalSection(SolutionProperties) = preSolution
		HideSolutionNode = FALSE
	EndGlobalSection
	GlobalSection(ExtensibilityGlobals) = postSolution
		SolutionGuid = {59C6909B-19C3-4FC1-B33D-FF4212CB406A}
	EndGlobalSection
EndGlobal
